
Microsoft Visual Studio Solution File, Format Version 12.00
# Visual Studio Version 16
VisualStudioVersion = 16.0.31702.278
MinimumVisualStudioVersion = 10.0.40219.1
Project("{FAE04EC0-301F-11D3-BF4B-00C04F79EFBC}") = "SANDBOX", "SANDBOX\SANDBOX.csproj", "{6E7093AC-DA88-4482-9BDF-EAF006B32696}"
EndProject
Global
	GlobalSection(SolutionConfigurationPlatforms) = preSolution
		Debug|Any CPU = Debug|Any CPU
		Release|Any CPU = Release|Any CPU
	EndGlobalSection
	GlobalSection(ProjectConfigurationPlatforms) = postSolution
		{6E7093AC-DA88-4482-9BDF-EAF006B32696}.Debug|Any CPU.ActiveCfg = Debug|Any CPU
		{6E7093AC-DA88-4482-9BDF-EAF006B32696}.Debug|Any CPU.Build.0 = Debug|Any CPU
		{6E7093AC-DA88-4482-9BDF-EAF006B32696}.Release|Any CPU.ActiveCfg = Release|Any CPU
		{6E7093AC-DA88-4482-9BDF-EAF006B32696}.Release|Any CPU.Build.0 = Release|Any CPU
	EndGlobalSection
	GlobalSection(SolutionProperties) = preSolution
		HideSolutionNode = FALSE
	EndGlobalSection
	GlobalSection(ExtensibilityGlobals) = postSolution
		SolutionGuid = {B0CFA54E-93F2-4F88-83BD-940A509E738E}
	EndGlobalSection
EndGlobal
